
Microsoft Visual Studio Solution File, Format Version 12.00
# Visual Studio 14
VisualStudioVersion = 14.0.23107.0
MinimumVisualStudioVersion = 10.0.40219.1
Project("{2150E333-8FDC-42A3-9474-1A3956D46DE8}") = "src", "src", "{8D8512BA-06D0-402C-BC53-BF9BBF04A7D2}"
EndProject
Project("{2150E333-8FDC-42A3-9474-1A3956D46DE8}") = "Solution Items", "Solution Items", "{EC97DDD3-0233-453B-AEFB-5FCE192FA96A}"
	ProjectSection(SolutionItems) = preProject
		global.json = global.json
	EndProjectSection
EndProject
Project("{8BB2217D-0F2D-49D1-97BC-3654ED321F3B}") = "[Movies App] MVC 6 + Angular", "src\[Movies App] MVC 6 + Angular\[Movies App] MVC 6 + Angular.xproj", "{931A7936-4C6F-4F5F-9BB3-F3AA5473E709}"
EndProject
Global
	GlobalSection(SolutionConfigurationPlatforms) = preSolution
		Debug|Any CPU = Debug|Any CPU
		Release|Any CPU = Release|Any CPU
	EndGlobalSection
	GlobalSection(ProjectConfigurationPlatforms) = postSolution
		{931A7936-4C6F-4F5F-9BB3-F3AA5473E709}.Debug|Any CPU.ActiveCfg = Debug|Any CPU
		{931A7936-4C6F-4F5F-9BB3-F3AA5473E709}.Debug|Any CPU.Build.0 = Debug|Any CPU
		{931A7936-4C6F-4F5F-9BB3-F3AA5473E709}.Release|Any CPU.ActiveCfg = Release|Any CPU
		{931A7936-4C6F-4F5F-9BB3-F3AA5473E709}.Release|Any CPU.Build.0 = Release|Any CPU
	EndGlobalSection
	GlobalSection(SolutionProperties) = preSolution
		HideSolutionNode = FALSE
	EndGlobalSection
	GlobalSection(NestedProjects) = preSolution
		{931A7936-4C6F-4F5F-9BB3-F3AA5473E709} = {8D8512BA-06D0-402C-BC53-BF9BBF04A7D2}
	EndGlobalSection
EndGlobal
